
Microsoft Visual Studio Solution File, Format Version 12.00
# Visual Studio Version 16
VisualStudioVersion = 16.0.31229.75
MinimumVisualStudioVersion = 10.0.40219.1
Project("{FAE04EC0-301F-11D3-BF4B-00C04F79EFBC}") = "MVCShop", "MVCShop\MVCShop.csproj", "{914516C7-EFE4-412F-B4B3-CDC357DEEA4B}"
EndProject
Global
	GlobalSection(SolutionConfigurationPlatforms) = preSolution
		Debug|Any CPU = Debug|Any CPU
		Release|Any CPU = Release|Any CPU
	EndGlobalSection
	GlobalSection(ProjectConfigurationPlatforms) = postSolution
		{914516C7-EFE4-412F-B4B3-CDC357DEEA4B}.Debug|Any CPU.ActiveCfg = Debug|Any CPU
		{914516C7-EFE4-412F-B4B3-CDC357DEEA4B}.Debug|Any CPU.Build.0 = Debug|Any CPU
		{914516C7-EFE4-412F-B4B3-CDC357DEEA4B}.Release|Any CPU.ActiveCfg = Release|Any CPU
		{914516C7-EFE4-412F-B4B3-CDC357DEEA4B}.Release|Any CPU.Build.0 = Release|Any CPU
	EndGlobalSection
	GlobalSection(SolutionProperties) = preSolution
		HideSolutionNode = FALSE
	EndGlobalSection
	GlobalSection(ExtensibilityGlobals) = postSolution
		SolutionGuid = {B44FFC6A-1E4F-4553-979F-64FE3878B04A}
	EndGlobalSection
EndGlobal
